{
  "name": "clichess",
  "lockfileVersion": 2,
  "requires": true,
  "packages": {
    "": {
      "name": "clichess",
      "license": "MIT",
      "dependencies": {
        "chess.js": "^0.12.0",
        "dotenv": "^10.0.0",
        "node-fetch": "^2.6.1"
      },
      "devDependencies": {
        "@types/chess.js": "^0.11.2",
        "@types/node": "^16.11.7",
        "tslib": "^2.3.1",
        "typescript": "^4.4.4"
      }
    },
    "node_modules/@types/chess.js": {
      "version": "0.11.2",
      "resolved": "https://registry.npmjs.org/@types/chess.js/-/chess.js-0.11.2.tgz",
      "integrity": "sha512-ZgT0f5Dm1x+kjA/RhCQpBM2NoUGkdk9JFdwncW7/GdqzHCOkLsOTq4k/EKRiRTCFLXR4fTKk8j7KNOmzzHQVgg==",
      "dev": true
    },
    "node_modules/@types/node": {
      "version": "16.11.7",
      "resolved": "https://registry.npmjs.org/@types/node/-/node-16.11.7.tgz",
      "integrity": "sha512-QB5D2sqfSjCmTuWcBWyJ+/44bcjO7VbjSbOE0ucoVbAsSNQc4Lt6QkgkVXkTDwkL4z/beecZNDvVX15D4P8Jbw==",
      "dev": true
    },
    "node_modules/chess.js": {
      "version": "0.12.0",
      "resolved": "https://registry.npmjs.org/chess.js/-/chess.js-0.12.0.tgz",
      "integrity": "sha512-eF1xf4j88r/AwIRxqV1FXZbVgMt4yUx05xrL+ZMqUrY+snFrUxGVHs0VgEd3AvngujDE9th7XZqqCwEKEQ7mWQ=="
    },
    "node_modules/dotenv": {
      "version": "10.0.0",
      "resolved": "https://registry.npmjs.org/dotenv/-/dotenv-10.0.0.tgz",
      "integrity": "sha512-rlBi9d8jpv9Sf1klPjNfFAuWDjKLwTIJJ/VxtoTwIR6hnZxcEOQCZg2oIL3MWBYw5GpUDKOEnND7LXTbIpQ03Q==",
      "engines": {
        "node": ">=10"
      }
    },
    "node_modules/node-fetch": {
      "version": "2.6.6",
      "resolved": "https://registry.npmjs.org/node-fetch/-/node-fetch-2.6.6.tgz",
      "integrity": "sha512-Z8/6vRlTUChSdIgMa51jxQ4lrw/Jy5SOW10ObaA47/RElsAN2c5Pn8bTgFGWn/ibwzXTE8qwr1Yzx28vsecXEA==",
      "dependencies": {
        "whatwg-url": "^5.0.0"
      },
      "engines": {
        "node": "4.x || >=6.0.0"
      }
    },
    "node_modules/tr46": {
      "version": "0.0.3",
      "resolved": "https://registry.npmjs.org/tr46/-/tr46-0.0.3.tgz",
      "integrity": "sha1-gYT9NH2snNwYWZLzpmIuFLnZq2o="
    },
    "node_modules/tslib": {
      "version": "2.3.1",
      "resolved": "https://registry.npmjs.org/tslib/-/tslib-2.3.1.tgz",
      "integrity": "sha512-77EbyPPpMz+FRFRuAFlWMtmgUWGe9UOG2Z25NqCwiIjRhOf5iKGuzSe5P2w1laq+FkRy4p+PCuVkJSGkzTEKVw==",
      "dev": true
    },
    "node_modules/typescript": {
      "version": "4.4.4",
      "resolved": "https://registry.npmjs.org/typescript/-/typescript-4.4.4.tgz",
      "integrity": "sha512-DqGhF5IKoBl8WNf8C1gu8q0xZSInh9j1kJJMqT3a94w1JzVaBU4EXOSMrz9yDqMT0xt3selp83fuFMQ0uzv6qA==",
      "dev": true,
      "bin": {
        "tsc": "bin/tsc",
        "tsserver": "bin/tsserver"
      },
      "engines": {
        "node": ">=4.2.0"
      }
    },
    "node_modules/webidl-conversions": {
      "version": "3.0.1",
      "resolved": "https://registry.npmjs.org/webidl-conversions/-/webidl-conversions-3.0.1.tgz",
      "integrity": "sha1-JFNCdeKnvGvnvIZhHMFq4KVlSHE="
    },
    "node_modules/whatwg-url": {
      "version": "5.0.0",
      "resolved": "https://registry.npmjs.org/whatwg-url/-/whatwg-url-5.0.0.tgz",
      "integrity": "sha1-lmRU6HZUYuN2RNNib2dCzotwll0=",
      "dependencies": {
        "tr46": "~0.0.3",
        "webidl-conversions": "^3.0.0"
      }
    }
  },
  "dependencies": {
    "@types/chess.js": {
      "version": "0.11.2",
      "resolved": "https://registry.npmjs.org/@types/chess.js/-/chess.js-0.11.2.tgz",
      "integrity": "sha512-ZgT0f5Dm1x+kjA/RhCQpBM2NoUGkdk9JFdwncW7/GdqzHCOkLsOTq4k/EKRiRTCFLXR4fTKk8j7KNOmzzHQVgg==",
      "dev": true
    },
    "@types/node": {
      "version": "16.11.7",
      "resolved": "https://registry.npmjs.org/@types/node/-/node-16.11.7.tgz",
      "integrity": "sha512-QB5D2sqfSjCmTuWcBWyJ+/44bcjO7VbjSbOE0ucoVbAsSNQc4Lt6QkgkVXkTDwkL4z/beecZNDvVX15D4P8Jbw==",
      "dev": true
    },
    "chess.js": {
      "version": "0.12.0",
      "resolved": "https://registry.npmjs.org/chess.js/-/chess.js-0.12.0.tgz",
      "integrity": "sha512-eF1xf4j88r/AwIRxqV1FXZbVgMt4yUx05xrL+ZMqUrY+snFrUxGVHs0VgEd3AvngujDE9th7XZqqCwEKEQ7mWQ=="
    },
    "dotenv": {
      "version": "10.0.0",
      "resolved": "https://registry.npmjs.org/dotenv/-/dotenv-10.0.0.tgz",
      "integrity": "sha512-rlBi9d8jpv9Sf1klPjNfFAuWDjKLwTIJJ/VxtoTwIR6hnZxcEOQCZg2oIL3MWBYw5GpUDKOEnND7LXTbIpQ03Q=="
    },
    "node-fetch": {
      "version": "2.6.6",
      "resolved": "https://registry.npmjs.org/node-fetch/-/node-fetch-2.6.6.tgz",
      "integrity": "sha512-Z8/6vRlTUChSdIgMa51jxQ4lrw/Jy5SOW10ObaA47/RElsAN2c5Pn8bTgFGWn/ibwzXTE8qwr1Yzx28vsecXEA==",
      "requires": {
        "whatwg-url": "^5.0.0"
      }
    },
    "tr46": {
      "version": "0.0.3",
      "resolved": "https://registry.npmjs.org/tr46/-/tr46-0.0.3.tgz",
      "integrity": "sha1-gYT9NH2snNwYWZLzpmIuFLnZq2o="
    },
    "tslib": {
      "version": "2.3.1",
      "resolved": "https://registry.npmjs.org/tslib/-/tslib-2.3.1.tgz",
      "integrity": "sha512-77EbyPPpMz+FRFRuAFlWMtmgUWGe9UOG2Z25NqCwiIjRhOf5iKGuzSe5P2w1laq+FkRy4p+PCuVkJSGkzTEKVw==",
      "dev": true
    },
    "typescript": {
      "version": "4.4.4",
      "resolved": "https://registry.npmjs.org/typescript/-/typescript-4.4.4.tgz",
      "integrity": "sha512-DqGhF5IKoBl8WNf8C1gu8q0xZSInh9j1kJJMqT3a94w1JzVaBU4EXOSMrz9yDqMT0xt3selp83fuFMQ0uzv6qA==",
      "dev": true
    },
    "webidl-conversions": {
      "version": "3.0.1",
      "resolved": "https://registry.npmjs.org/webidl-conversions/-/webidl-conversions-3.0.1.tgz",
      "integrity": "sha1-JFNCdeKnvGvnvIZhHMFq4KVlSHE="
    },
    "whatwg-url": {
      "version": "5.0.0",
      "resolved": "https://registry.npmjs.org/whatwg-url/-/whatwg-url-5.0.0.tgz",
      "integrity": "sha1-lmRU6HZUYuN2RNNib2dCzotwll0=",
      "requires": {
        "tr46": "~0.0.3",
        "webidl-conversions": "^3.0.0"
      }
    }
  }
}
